{
  "name": "ayush-app",
  "version": "1.0.0",
  "lockfileVersion": 2,
  "requires": true,
  "packages": {
    "": {
      "version": "1.0.0",
      "resolved": "",
      "integrity": "",
      "dependencies": {
        "express": "^4.17.1",
        "mongoose": "^6.0.12",
        "body-parser": "^1.19.0"
      }
    },
    "node_modules/express": {
      "version": "4.17.1",
      "resolved": "https://registry.npmjs.org/express/-/express-4.17.1.tgz",
      "integrity": "sha512-dpCwoT3Gj4HdhstB+fB...yOrxw==",
      "dependencies": {
        "accepts": "~1.3.7",
        "array-flatten": "1.1.1",
        "body-parser": "^1.19.0",
        "debug": "2.6.9"
      }
    },
    "node_modules/mongoose": {
      "version": "6.0.12",
      "resolved": "https://registry.npmjs.org/mongoose/-/mongoose-6.0.12.tgz",
      "integrity": "sha512-jVdk/UguPS/c4u0y+...2u9g=="
    },
    "node_modules/body-parser": {
      "version": "1.19.0",
      "resolved": "https://registry.npmjs.org/body-parser/-/body-parser-1.19.0.tgz",
      "integrity": "sha512-Ggs51I7Cw2ZwxLyF9...Sg=="
    }
  },
  "dependencies": {
    "express": {
      "version": "4.17.1",
      "resolved": "https://registry.npmjs.org/express/-/express-4.17.1.tgz",
      "integrity": "sha512-dpCwoT3Gj4HdhstB+fB...yOrxw==",
      "requires": {
        "accepts": "~1.3.7",
        "array-flatten": "1.1.1",
        "body-parser": "^1.19.0"
      }
    },
    "mongoose": {
      "version": "6.0.12",
      "resolved": "https://registry.npmjs.org/mongoose/-/mongoose-6.0.12.tgz",
      "integrity": "sha512-jVdk/UguPS/c4u0y+...2u9g=="
    },
    "body-parser": {
      "version": "1.19.0",
      "resolved": "https://registry.npmjs.org/body-parser/-/body-parser-1.19.0.tgz",
      "integrity": "sha512-Ggs51I7Cw2ZwxLyF9...Sg=="
    }
  }
}
